
Microsoft Visual Studio Solution File, Format Version 12.00
# Visual Studio 15
VisualStudioVersion = 15.0.28307.329
MinimumVisualStudioVersion = 10.0.40219.1
Project("{FAE04EC0-301F-11D3-BF4B-00C04F79EFBC}") = "Minesweeper", "Minesweeper\Minesweeper.csproj", "{EAAC5BB9-C673-48B0-B81D-F8D8DD7EEF86}"
EndProject
Global
	GlobalSection(SolutionConfigurationPlatforms) = preSolution
		Debug|Any CPU = Debug|Any CPU
		Release|Any CPU = Release|Any CPU
	EndGlobalSection
	GlobalSection(ProjectConfigurationPlatforms) = postSolution
		{EAAC5BB9-C673-48B0-B81D-F8D8DD7EEF86}.Debug|Any CPU.ActiveCfg = Debug|Any CPU
		{EAAC5BB9-C673-48B0-B81D-F8D8DD7EEF86}.Debug|Any CPU.Build.0 = Debug|Any CPU
		{EAAC5BB9-C673-48B0-B81D-F8D8DD7EEF86}.Release|Any CPU.ActiveCfg = Release|Any CPU
		{EAAC5BB9-C673-48B0-B81D-F8D8DD7EEF86}.Release|Any CPU.Build.0 = Release|Any CPU
	EndGlobalSection
	GlobalSection(SolutionProperties) = preSolution
		HideSolutionNode = FALSE
	EndGlobalSection
	GlobalSection(ExtensibilityGlobals) = postSolution
		SolutionGuid = {DCDAF083-A8AA-42D2-BFCE-6A5C813C4F29}
	EndGlobalSection
EndGlobal
